
Microsoft Visual Studio Solution File, Format Version 12.00
# Visual Studio Version 17
VisualStudioVersion = 17.10.34916.146
MinimumVisualStudioVersion = 10.0.40219.1
Project("{FAE04EC0-301F-11D3-BF4B-00C04F79EFBC}") = "CourseManager", "CourseManager.csproj", "{1D335DCB-564D-4211-92E1-36F1A4AE70FF}"
EndProject
Global
	GlobalSection(SolutionConfigurationPlatforms) = preSolution
		Debug|Any CPU = Debug|Any CPU
		Release|Any CPU = Release|Any CPU
	EndGlobalSection
	GlobalSection(ProjectConfigurationPlatforms) = postSolution
		{1D335DCB-564D-4211-92E1-36F1A4AE70FF}.Debug|Any CPU.ActiveCfg = Debug|Any CPU
		{1D335DCB-564D-4211-92E1-36F1A4AE70FF}.Debug|Any CPU.Build.0 = Debug|Any CPU
		{1D335DCB-564D-4211-92E1-36F1A4AE70FF}.Release|Any CPU.ActiveCfg = Release|Any CPU
		{1D335DCB-564D-4211-92E1-36F1A4AE70FF}.Release|Any CPU.Build.0 = Release|Any CPU
	EndGlobalSection
	GlobalSection(SolutionProperties) = preSolution
		HideSolutionNode = FALSE
	EndGlobalSection
	GlobalSection(ExtensibilityGlobals) = postSolution
		SolutionGuid = {9190CE8E-A4C6-4319-A52D-E380C41506D1}
	EndGlobalSection
EndGlobal
